
Microsoft Visual Studio Solution File, Format Version 12.00
# Visual Studio Version 16
VisualStudioVersion = 16.0.34301.259
MinimumVisualStudioVersion = 10.0.40219.1
Project("{FAE04EC0-301F-11D3-BF4B-00C04F79EFBC}") = "Module7DailyReport", "Module7DailyReport\Module7DailyReport.csproj", "{38E4966A-CDA1-4CAA-AA6A-F1CC4A28E538}"
EndProject
Global
	GlobalSection(SolutionConfigurationPlatforms) = preSolution
		Debug|Any CPU = Debug|Any CPU
		Release|Any CPU = Release|Any CPU
	EndGlobalSection
	GlobalSection(ProjectConfigurationPlatforms) = postSolution
		{38E4966A-CDA1-4CAA-AA6A-F1CC4A28E538}.Debug|Any CPU.ActiveCfg = Debug|Any CPU
		{38E4966A-CDA1-4CAA-AA6A-F1CC4A28E538}.Debug|Any CPU.Build.0 = Debug|Any CPU
		{38E4966A-CDA1-4CAA-AA6A-F1CC4A28E538}.Release|Any CPU.ActiveCfg = Release|Any CPU
		{38E4966A-CDA1-4CAA-AA6A-F1CC4A28E538}.Release|Any CPU.Build.0 = Release|Any CPU
	EndGlobalSection
	GlobalSection(SolutionProperties) = preSolution
		HideSolutionNode = FALSE
	EndGlobalSection
	GlobalSection(ExtensibilityGlobals) = postSolution
		SolutionGuid = {8CA29184-AE90-406B-BBBE-970C7C9F5610}
	EndGlobalSection
EndGlobal
